
Microsoft Visual Studio Solution File, Format Version 12.00
# Visual Studio 2012
Project("{FAE04EC0-301F-11D3-BF4B-00C04F79EFBC}") = "YoutubeChannelStream.Android", "YoutubeChannelStream.Android\YoutubeChannelStream.Android.csproj", "{3749783E-BE6B-4B04-B190-27E58C57AD96}"
EndProject
Project("{FAE04EC0-301F-11D3-BF4B-00C04F79EFBC}") = "YoutubeChannelStream.iOS", "YoutubeChannelStream.iOS\YoutubeChannelStream.iOS.csproj", "{21A9F6AA-4076-46FC-96F4-1B061405D792}"
EndProject
Project("{FAE04EC0-301F-11D3-BF4B-00C04F79EFBC}") = "YoutubeChannelStream", "YoutubeChannelStream\YoutubeChannelStream.csproj", "{CAC574B4-23AB-4445-A1A7-05D2DB76AD71}"
EndProject
Global
	GlobalSection(SolutionConfigurationPlatforms) = preSolution
		Debug|Any CPU = Debug|Any CPU
		Release|Any CPU = Release|Any CPU
		Debug|iPhoneSimulator = Debug|iPhoneSimulator
		Release|iPhoneSimulator = Release|iPhoneSimulator
		Debug|iPhone = Debug|iPhone
		Release|iPhone = Release|iPhone
		Ad-Hoc|iPhone = Ad-Hoc|iPhone
		AppStore|iPhone = AppStore|iPhone
	EndGlobalSection
	GlobalSection(ProjectConfigurationPlatforms) = postSolution
		{3749783E-BE6B-4B04-B190-27E58C57AD96}.Debug|Any CPU.ActiveCfg = Debug|Any CPU
		{3749783E-BE6B-4B04-B190-27E58C57AD96}.Debug|Any CPU.Build.0 = Debug|Any CPU
		{3749783E-BE6B-4B04-B190-27E58C57AD96}.Release|Any CPU.ActiveCfg = Release|Any CPU
		{3749783E-BE6B-4B04-B190-27E58C57AD96}.Release|Any CPU.Build.0 = Release|Any CPU
		{3749783E-BE6B-4B04-B190-27E58C57AD96}.Debug|iPhoneSimulator.ActiveCfg = Debug|Any CPU
		{3749783E-BE6B-4B04-B190-27E58C57AD96}.Debug|iPhoneSimulator.Build.0 = Debug|Any CPU
		{3749783E-BE6B-4B04-B190-27E58C57AD96}.Release|iPhoneSimulator.ActiveCfg = Release|Any CPU
		{3749783E-BE6B-4B04-B190-27E58C57AD96}.Release|iPhoneSimulator.Build.0 = Release|Any CPU
		{3749783E-BE6B-4B04-B190-27E58C57AD96}.Debug|iPhone.ActiveCfg = Debug|Any CPU
		{3749783E-BE6B-4B04-B190-27E58C57AD96}.Debug|iPhone.Build.0 = Debug|Any CPU
		{3749783E-BE6B-4B04-B190-27E58C57AD96}.Release|iPhone.ActiveCfg = Release|Any CPU
		{3749783E-BE6B-4B04-B190-27E58C57AD96}.Release|iPhone.Build.0 = Release|Any CPU
		{3749783E-BE6B-4B04-B190-27E58C57AD96}.Ad-Hoc|iPhone.ActiveCfg = Debug|Any CPU
		{3749783E-BE6B-4B04-B190-27E58C57AD96}.Ad-Hoc|iPhone.Build.0 = Debug|Any CPU
		{3749783E-BE6B-4B04-B190-27E58C57AD96}.AppStore|iPhone.ActiveCfg = Debug|Any CPU
		{3749783E-BE6B-4B04-B190-27E58C57AD96}.AppStore|iPhone.Build.0 = Debug|Any CPU
		{21A9F6AA-4076-46FC-96F4-1B061405D792}.Debug|Any CPU.ActiveCfg = Debug|iPhoneSimulator
		{21A9F6AA-4076-46FC-96F4-1B061405D792}.Debug|Any CPU.Build.0 = Debug|iPhoneSimulator
		{21A9F6AA-4076-46FC-96F4-1B061405D792}.Release|Any CPU.ActiveCfg = Release|iPhoneSimulator
		{21A9F6AA-4076-46FC-96F4-1B061405D792}.Release|Any CPU.Build.0 = Release|iPhoneSimulator
		{21A9F6AA-4076-46FC-96F4-1B061405D792}.Debug|iPhoneSimulator.ActiveCfg = Debug|iPhoneSimulator
		{21A9F6AA-4076-46FC-96F4-1B061405D792}.Debug|iPhoneSimulator.Build.0 = Debug|iPhoneSimulator
		{21A9F6AA-4076-46FC-96F4-1B061405D792}.Release|iPhoneSimulator.ActiveCfg = Release|iPhoneSimulator
		{21A9F6AA-4076-46FC-96F4-1B061405D792}.Release|iPhoneSimulator.Build.0 = Release|iPhoneSimulator
		{21A9F6AA-4076-46FC-96F4-1B061405D792}.Debug|iPhone.ActiveCfg = Debug|iPhone
		{21A9F6AA-4076-46FC-96F4-1B061405D792}.Debug|iPhone.Build.0 = Debug|iPhone
		{21A9F6AA-4076-46FC-96F4-1B061405D792}.Release|iPhone.ActiveCfg = Release|iPhone
		{21A9F6AA-4076-46FC-96F4-1B061405D792}.Release|iPhone.Build.0 = Release|iPhone
		{21A9F6AA-4076-46FC-96F4-1B061405D792}.Ad-Hoc|iPhone.ActiveCfg = Ad-Hoc|iPhone
		{21A9F6AA-4076-46FC-96F4-1B061405D792}.Ad-Hoc|iPhone.Build.0 = Ad-Hoc|iPhone
		{21A9F6AA-4076-46FC-96F4-1B061405D792}.AppStore|iPhone.ActiveCfg = AppStore|iPhone
		{21A9F6AA-4076-46FC-96F4-1B061405D792}.AppStore|iPhone.Build.0 = AppStore|iPhone
		{CAC574B4-23AB-4445-A1A7-05D2DB76AD71}.Debug|Any CPU.ActiveCfg = Debug|Any CPU
		{CAC574B4-23AB-4445-A1A7-05D2DB76AD71}.Debug|Any CPU.Build.0 = Debug|Any CPU
		{CAC574B4-23AB-4445-A1A7-05D2DB76AD71}.Release|Any CPU.ActiveCfg = Release|Any CPU
		{CAC574B4-23AB-4445-A1A7-05D2DB76AD71}.Release|Any CPU.Build.0 = Release|Any CPU
		{CAC574B4-23AB-4445-A1A7-05D2DB76AD71}.Debug|iPhoneSimulator.ActiveCfg = Debug|Any CPU
		{CAC574B4-23AB-4445-A1A7-05D2DB76AD71}.Debug|iPhoneSimulator.Build.0 = Debug|Any CPU
		{CAC574B4-23AB-4445-A1A7-05D2DB76AD71}.Release|iPhoneSimulator.ActiveCfg = Release|Any CPU
		{CAC574B4-23AB-4445-A1A7-05D2DB76AD71}.Release|iPhoneSimulator.Build.0 = Release|Any CPU
		{CAC574B4-23AB-4445-A1A7-05D2DB76AD71}.Debug|iPhone.ActiveCfg = Debug|Any CPU
		{CAC574B4-23AB-4445-A1A7-05D2DB76AD71}.Debug|iPhone.Build.0 = Debug|Any CPU
		{CAC574B4-23AB-4445-A1A7-05D2DB76AD71}.Release|iPhone.ActiveCfg = Release|Any CPU
		{CAC574B4-23AB-4445-A1A7-05D2DB76AD71}.Release|iPhone.Build.0 = Release|Any CPU
		{CAC574B4-23AB-4445-A1A7-05D2DB76AD71}.Ad-Hoc|iPhone.ActiveCfg = Debug|Any CPU
		{CAC574B4-23AB-4445-A1A7-05D2DB76AD71}.Ad-Hoc|iPhone.Build.0 = Debug|Any CPU
		{CAC574B4-23AB-4445-A1A7-05D2DB76AD71}.AppStore|iPhone.ActiveCfg = Debug|Any CPU
		{CAC574B4-23AB-4445-A1A7-05D2DB76AD71}.AppStore|iPhone.Build.0 = Debug|Any CPU
	EndGlobalSection
EndGlobal
